// !$*UTF8*$!
{
	archiveVersion = 1;
	classes = {
	};
	objectVersion = 51;
	objects = {

/* Begin PBXBuildFile section */
		790788A1263B5B2000AECB6A /* ProfileViewController.swift in Sources */ = {isa = PBXBuildFile; fileRef = 790788A0263B5B2000AECB6A /* ProfileViewController.swift */; };
		790788A6263B615100AECB6A /* LaunchViewController.swift in Sources */ = {isa = PBXBuildFile; fileRef = 790788A5263B615100AECB6A /* LaunchViewController.swift */; };
		790788AB263BC38400AECB6A /* FoodViewController.swift in Sources */ = {isa = PBXBuildFile; fileRef = 790788AA263BC38400AECB6A /* FoodViewController.swift */; };
		790788B0263BCDD800AECB6A /* CartHandler.swift in Sources */ = {isa = PBXBuildFile; fileRef = 790788AF263BCDD800AECB6A /* CartHandler.swift */; };
		790788CB263BD2D500AECB6A /* CartViewController.swift in Sources */ = {isa = PBXBuildFile; fileRef = 790788CA263BD2D500AECB6A /* CartViewController.swift */; };
		790FE7842621827F0022B4E2 /* SignInViewController.swift in Sources */ = {isa = PBXBuildFile; fileRef = 790FE7832621827F0022B4E2 /* SignInViewController.swift */; };
		7921B5832621874C003DF4AC /* EntityModel.swift in Sources */ = {isa = PBXBuildFile; fileRef = 7921B5822621874C003DF4AC /* EntityModel.swift */; };
		7921B5882621AD55003DF4AC /* SignUpViewController.swift in Sources */ = {isa = PBXBuildFile; fileRef = 7921B5872621AD55003DF4AC /* SignUpViewController.swift */; };
		7921B58E2621AFB4003DF4AC /* Session.swift in Sources */ = {isa = PBXBuildFile; fileRef = 7921B58D2621AFB4003DF4AC /* Session.swift */; };
		7921B5962621B825003DF4AC /* FoodListViewController.swift in Sources */ = {isa = PBXBuildFile; fileRef = 7921B5952621B825003DF4AC /* FoodListViewController.swift */; };
		7968A846263AEEE90026AE3B /* InputValidator.swift in Sources */ = {isa = PBXBuildFile; fileRef = 7968A845263AEEE90026AE3B /* InputValidator.swift */; };
		797653622622E8B600E91656 /* GoogleService-Info.plist in Resources */ = {isa = PBXBuildFile; fileRef = 797653612622E8B600E91656 /* GoogleService-Info.plist */; };
		7976A08026392A870001A2FC /* FoodTableViewCell.swift in Sources */ = {isa = PBXBuildFile; fileRef = 7976A07E26392A870001A2FC /* FoodTableViewCell.swift */; };
		7976A08126392A870001A2FC /* FoodTableViewCell.xib in Resources */ = {isa = PBXBuildFile; fileRef = 7976A07F26392A870001A2FC /* FoodTableViewCell.xib */; };
		79919FF5261855BC006E18C3 /* AppDelegate.swift in Sources */ = {isa = PBXBuildFile; fileRef = 79919FF4261855BC006E18C3 /* AppDelegate.swift */; };
		79919FF7261855BC006E18C3 /* SceneDelegate.swift in Sources */ = {isa = PBXBuildFile; fileRef = 79919FF6261855BC006E18C3 /* SceneDelegate.swift */; };
		79919FFC261855BC006E18C3 /* Main.storyboard in Resources */ = {isa = PBXBuildFile; fileRef = 79919FFA261855BC006E18C3 /* Main.storyboard */; };
		79919FFE261855BD006E18C3 /* Assets.xcassets in Resources */ = {isa = PBXBuildFile; fileRef = 79919FFD261855BD006E18C3 /* Assets.xcassets */; };
		7991A001261855BD006E18C3 /* LaunchScreen.storyboard in Resources */ = {isa = PBXBuildFile; fileRef = 79919FFF261855BD006E18C3 /* LaunchScreen.storyboard */; };
		7991A00C261855BE006E18C3 /* CafeNibmTests.swift in Sources */ = {isa = PBXBuildFile; fileRef = 7991A00B261855BE006E18C3 /* CafeNibmTests.swift */; };
		7991A017261855BE006E18C3 /* CafeNibmUITests.swift in Sources */ = {isa = PBXBuildFile; fileRef = 7991A016261855BE006E18C3 /* CafeNibmUITests.swift */; };
		91968B16FEFC828EDA910D0B /* Pods_CafeNibmTests.framework in Frameworks */ = {isa = PBXBuildFile; fileRef = 2B3BD2FF8FA3D18474ED8525 /* Pods_CafeNibmTests.framework */; };
		E0DAB220D76F4DFF07361A28 /* Pods_CafeNibm.framework in Frameworks */ = {isa = PBXBuildFile; fileRef = 1BFAB76D94CF90E665CE74C5 /* Pods_CafeNibm.framework */; };
		E3587F912C73F8955A2C8EAD /* Pods_CafeNibm_CafeNibmUITests.framework in Frameworks */ = {isa = PBXBuildFile; fileRef = 7A883A4944B6079577DF85FF /* Pods_CafeNibm_CafeNibmUITests.framework */; };
/* End PBXBuildFile section */

/* Begin PBXContainerItemProxy section */
		7991A008261855BE006E18C3 /* PBXContainerItemProxy */ = {
			isa = PBXContainerItemProxy;
			containerPortal = 79919FE9261855BC006E18C3 /* Project object */;
			proxyType = 1;
			remoteGlobalIDString = 79919FF0261855BC006E18C3;
			remoteInfo = CafeNibm;
		};
		7991A013261855BE006E18C3 /* PBXContainerItemProxy */ = {
			isa = PBXContainerItemProxy;
			containerPortal = 79919FE9261855BC006E18C3 /* Project object */;
			proxyType = 1;
			remoteGlobalIDString = 79919FF0261855BC006E18C3;
			remoteInfo = CafeNibm;
		};
/* End PBXContainerItemProxy section */

/* Begin PBXFileReference section */
		03B8536176E27D4BE9E0075E /* Pods-CafeNibm-CafeNibmUITests.debug.xcconfig */ = {isa = PBXFileReference; includeInIndex = 1; lastKnownFileType = text.xcconfig; name = "Pods-CafeNibm-CafeNibmUITests.debug.xcconfig"; path = "Target Support Files/Pods-CafeNibm-CafeNibmUITests/Pods-CafeNibm-CafeNibmUITests.debug.xcconfig"; sourceTree = "<group>"; };
		1BFAB76D94CF90E665CE74C5 /* Pods_CafeNibm.framework */ = {isa = PBXFileReference; explicitFileType = wrapper.framework; includeInIndex = 0; path = Pods_CafeNibm.framework; sourceTree = BUILT_PRODUCTS_DIR; };
		2374B710C1CD45F37492003A /* Pods-CafeNibm-CafeNibmUITests.release.xcconfig */ = {isa = PBXFileReference; includeInIndex = 1; lastKnownFileType = text.xcconfig; name = "Pods-CafeNibm-CafeNibmUITests.release.xcconfig"; path = "Target Support Files/Pods-CafeNibm-CafeNibmUITests/Pods-CafeNibm-CafeNibmUITests.release.xcconfig"; sourceTree = "<group>"; };
		2B3BD2FF8FA3D18474ED8525 /* Pods_CafeNibmTests.framework */ = {isa = PBXFileReference; explicitFileType = wrapper.framework; includeInIndex = 0; path = Pods_CafeNibmTests.framework; sourceTree = BUILT_PRODUCTS_DIR; };
		578E04A9D6121A330EB38074 /* Pods-CafeNibmTests.release.xcconfig */ = {isa = PBXFileReference; includeInIndex = 1; lastKnownFileType = text.xcconfig; name = "Pods-CafeNibmTests.release.xcconfig"; path = "Target Support Files/Pods-CafeNibmTests/Pods-CafeNibmTests.release.xcconfig"; sourceTree = "<group>"; };
		756FEC1A6D8252A5D26FBBD4 /* Pods-CafeNibm.debug.xcconfig */ = {isa = PBXFileReference; includeInIndex = 1; lastKnownFileType = text.xcconfig; name = "Pods-CafeNibm.debug.xcconfig"; path = "Target Support Files/Pods-CafeNibm/Pods-CafeNibm.debug.xcconfig"; sourceTree = "<group>"; };
		790788A0263B5B2000AECB6A /* ProfileViewController.swift */ = {isa = PBXFileReference; lastKnownFileType = sourcecode.swift; path = ProfileViewController.swift; sourceTree = "<group>"; };
		790788A5263B615100AECB6A /* LaunchViewController.swift */ = {isa = PBXFileReference; lastKnownFileType = sourcecode.swift; path = LaunchViewController.swift; sourceTree = "<group>"; };
		790788AA263BC38400AECB6A /* FoodViewController.swift */ = {isa = PBXFileReference; lastKnownFileType = sourcecode.swift; path = FoodViewController.swift; sourceTree = "<group>"; };
		790788AF263BCDD800AECB6A /* CartHandler.swift */ = {isa = PBXFileReference; lastKnownFileType = sourcecode.swift; path = CartHandler.swift; sourceTree = "<group>"; };
		790788CA263BD2D500AECB6A /* CartViewController.swift */ = {isa = PBXFileReference; lastKnownFileType = sourcecode.swift; path = CartViewController.swift; sourceTree = "<group>"; };
		790FE7832621827F0022B4E2 /* SignInViewController.swift */ = {isa = PBXFileReference; lastKnownFileType = sourcecode.swift; path = SignInViewController.swift; sourceTree = "<group>"; };
		7921B5822621874C003DF4AC /* EntityModel.swift */ = {isa = PBXFileReference; lastKnownFileType = sourcecode.swift; path = EntityModel.swift; sourceTree = "<group>"; };
		7921B5872621AD55003DF4AC /* SignUpViewController.swift */ = {isa = PBXFileReference; lastKnownFileType = sourcecode.swift; path = SignUpViewController.swift; sourceTree = "<group>"; };
		7921B58D2621AFB4003DF4AC /* Session.swift */ = {isa = PBXFileReference; lastKnownFileType = sourcecode.swift; path = Session.swift; sourceTree = "<group>"; };
		7921B5952621B825003DF4AC /* FoodListViewController.swift */ = {isa = PBXFileReference; lastKnownFileType = sourcecode.swift; path = FoodListViewController.swift; sourceTree = "<group>"; };
		7968A845263AEEE90026AE3B /* InputValidator.swift */ = {isa = PBXFileReference; lastKnownFileType = sourcecode.swift; path = InputValidator.swift; sourceTree = "<group>"; };
		797653612622E8B600E91656 /* GoogleService-Info.plist */ = {isa = PBXFileReference; fileEncoding = 4; lastKnownFileType = text.plist.xml; path = "GoogleService-Info.plist"; sourceTree = "<group>"; };
		7976A07E26392A870001A2FC /* FoodTableViewCell.swift */ = {isa = PBXFileReference; lastKnownFileType = sourcecode.swift; path = FoodTableViewCell.swift; sourceTree = "<group>"; };
		7976A07F26392A870001A2FC /* FoodTableViewCell.xib */ = {isa = PBXFileReference; lastKnownFileType = file.xib; path = FoodTableViewCell.xib; sourceTree = "<group>"; };
		79919FF1261855BC006E18C3 /* CafeNibm.app */ = {isa = PBXFileReference; explicitFileType = wrapper.application; includeInIndex = 0; path = CafeNibm.app; sourceTree = BUILT_PRODUCTS_DIR; };
		79919FF4261855BC006E18C3 /* AppDelegate.swift */ = {isa = PBXFileReference; lastKnownFileType = sourcecode.swift; path = AppDelegate.swift; sourceTree = "<group>"; };
		79919FF6261855BC006E18C3 /* SceneDelegate.swift */ = {isa = PBXFileReference; lastKnownFileType = sourcecode.swift; path = SceneDelegate.swift; sourceTree = "<group>"; };
		79919FFB261855BC006E18C3 /* Base */ = {isa = PBXFileReference; lastKnownFileType = file.storyboard; name = Base; path = Base.lproj/Main.storyboard; sourceTree = "<group>"; };
		79919FFD261855BD006E18C3 /* Assets.xcassets */ = {isa = PBXFileReference; lastKnownFileType = folder.assetcatalog; path = Assets.xcassets; sourceTree = "<group>"; };
		7991A000261855BD006E18C3 /* Base */ = {isa = PBXFileReference; lastKnownFileType = file.storyboard; name = Base; path = Base.lproj/LaunchScreen.storyboard; sourceTree = "<group>"; };
		7991A002261855BD006E18C3 /* Info.plist */ = {isa = PBXFileReference; lastKnownFileType = text.plist.xml; path = Info.plist; sourceTree = "<group>"; };
		7991A007261855BE006E18C3 /* CafeNibmTests.xctest */ = {isa = PBXFileReference; explicitFileType = wrapper.cfbundle; includeInIndex = 0; path = CafeNibmTests.xctest; sourceTree = BUILT_PRODUCTS_DIR; };
		7991A00B261855BE006E18C3 /* CafeNibmTests.swift */ = {isa = PBXFileReference; lastKnownFileType = sourcecode.swift; path = CafeNibmTests.swift; sourceTree = "<group>"; };
		7991A00D261855BE006E18C3 /* Info.plist */ = {isa = PBXFileReference; lastKnownFileType = text.plist.xml; path = Info.plist; sourceTree = "<group>"; };
		7991A012261855BE006E18C3 /* CafeNibmUITests.xctest */ = {isa = PBXFileReference; explicitFileType = wrapper.cfbundle; includeInIndex = 0; path = CafeNibmUITests.xctest; sourceTree = BUILT_PRODUCTS_DIR; };
		7991A016261855BE006E18C3 /* CafeNibmUITests.swift */ = {isa = PBXFileReference; lastKnownFileType = sourcecode.swift; path = CafeNibmUITests.swift; sourceTree = "<group>"; };
		7991A018261855BE006E18C3 /* Info.plist */ = {isa = PBXFileReference; lastKnownFileType = text.plist.xml; path = Info.plist; sourceTree = "<group>"; };
		7A883A4944B6079577DF85FF /* Pods_CafeNibm_CafeNibmUITests.framework */ = {isa = PBXFileReference; explicitFileType = wrapper.framework; includeInIndex = 0; path = Pods_CafeNibm_CafeNibmUITests.framework; sourceTree = BUILT_PRODUCTS_DIR; };
		91D26893E4BCAC9C4598044C /* Pods-CafeNibmTests.debug.xcconfig */ = {isa = PBXFileReference; includeInIndex = 1; lastKnownFileType = text.xcconfig; name = "Pods-CafeNibmTests.debug.xcconfig"; path = "Target Support Files/Pods-CafeNibmTests/Pods-CafeNibmTests.debug.xcconfig"; sourceTree = "<group>"; };
		F86C5F865B87AFC706F2D75A /* Pods-CafeNibm.release.xcconfig */ = {isa = PBXFileReference; includeInIndex = 1; lastKnownFileType = text.xcconfig; name = "Pods-CafeNibm.release.xcconfig"; path = "Target Support Files/Pods-CafeNibm/Pods-CafeNibm.release.xcconfig"; sourceTree = "<group>"; };
/* End PBXFileReference section */

/* Begin PBXFrameworksBuildPhase section */
		79919FEE261855BC006E18C3 /* Frameworks */ = {
			isa = PBXFrameworksBuildPhase;
			buildActionMask = 2147483647;
			files = (
				E0DAB220D76F4DFF07361A28 /* Pods_CafeNibm.framework in Frameworks */,
			);
			runOnlyForDeploymentPostprocessing = 0;
		};
		7991A004261855BE006E18C3 /* Frameworks */ = {
			isa = PBXFrameworksBuildPhase;
			buildActionMask = 2147483647;
			files = (
				91968B16FEFC828EDA910D0B /* Pods_CafeNibmTests.framework in Frameworks */,
			);
			runOnlyForDeploymentPostprocessing = 0;
		};
		7991A00F261855BE006E18C3 /* Frameworks */ = {
			isa = PBXFrameworksBuildPhase;
			buildActionMask = 2147483647;
			files = (
				E3587F912C73F8955A2C8EAD /* Pods_CafeNibm_CafeNibmUITests.framework in Frameworks */,
			);
			runOnlyForDeploymentPostprocessing = 0;
		};
/* End PBXFrameworksBuildPhase section */

/* Begin PBXGroup section */
		2BD350BB799F7392857319F1 /* Frameworks */ = {
			isa = PBXGroup;
			children = (
				1BFAB76D94CF90E665CE74C5 /* Pods_CafeNibm.framework */,
				7A883A4944B6079577DF85FF /* Pods_CafeNibm_CafeNibmUITests.framework */,
				2B3BD2FF8FA3D18474ED8525 /* Pods_CafeNibmTests.framework */,
			);
			name = Frameworks;
			sourceTree = "<group>";
		};
		790FE78026217EBE0022B4E2 /* Controllers */ = {
			isa = PBXGroup;
			children = (
				790FE7832621827F0022B4E2 /* SignInViewController.swift */,
				7921B5872621AD55003DF4AC /* SignUpViewController.swift */,
				7921B5952621B825003DF4AC /* FoodListViewController.swift */,
				790788A0263B5B2000AECB6A /* ProfileViewController.swift */,
				790788A5263B615100AECB6A /* LaunchViewController.swift */,
				790788AA263BC38400AECB6A /* FoodViewController.swift */,
				790788CA263BD2D500AECB6A /* CartViewController.swift */,
			);
			path = Controllers;
			sourceTree = "<group>";
		};
		790FE78126217ED50022B4E2 /* Models */ = {
			isa = PBXGroup;
			children = (
				7921B5822621874C003DF4AC /* EntityModel.swift */,
			);
			path = Models;
			sourceTree = "<group>";
		};
		790FE782262180030022B4E2 /* Views */ = {
			isa = PBXGroup;
			children = (
				79919FFA261855BC006E18C3 /* Main.storyboard */,
			);
			path = Views;
			sourceTree = "<group>";
		};
		7921B58C2621AF98003DF4AC /* Utils */ = {
			isa = PBXGroup;
			children = (
				7921B58D2621AFB4003DF4AC /* Session.swift */,
				7968A845263AEEE90026AE3B /* InputValidator.swift */,
				790788AF263BCDD800AECB6A /* CartHandler.swift */,
			);
			path = Utils;
			sourceTree = "<group>";
		};
		7976A07A26392A000001A2FC /* TableViewCell */ = {
			isa = PBXGroup;
			children = (
				7976A07E26392A870001A2FC /* FoodTableViewCell.swift */,
				7976A07F26392A870001A2FC /* FoodTableViewCell.xib */,
			);
			path = TableViewCell;
			sourceTree = "<group>";
		};
		79919FE8261855BC006E18C3 = {
			isa = PBXGroup;
			children = (
				79919FF3261855BC006E18C3 /* CafeNibm */,
				7991A00A261855BE006E18C3 /* CafeNibmTests */,
				7991A015261855BE006E18C3 /* CafeNibmUITests */,
				79919FF2261855BC006E18C3 /* Products */,
				A29FE30D32A54C5A59781539 /* Pods */,
				2BD350BB799F7392857319F1 /* Frameworks */,
			);
			sourceTree = "<group>";
		};
		79919FF2261855BC006E18C3 /* Products */ = {
			isa = PBXGroup;
			children = (
				79919FF1261855BC006E18C3 /* CafeNibm.app */,
				7991A007261855BE006E18C3 /* CafeNibmTests.xctest */,
				7991A012261855BE006E18C3 /* CafeNibmUITests.xctest */,
			);
			name = Products;
			sourceTree = "<group>";
		};
		79919FF3261855BC006E18C3 /* CafeNibm */ = {
			isa = PBXGroup;
			children = (
				7976A07A26392A000001A2FC /* TableViewCell */,
				7921B58C2621AF98003DF4AC /* Utils */,
				790FE782262180030022B4E2 /* Views */,
				790FE78126217ED50022B4E2 /* Models */,
				790FE78026217EBE0022B4E2 /* Controllers */,
				79919FF4261855BC006E18C3 /* AppDelegate.swift */,
				79919FF6261855BC006E18C3 /* SceneDelegate.swift */,
				79919FFD261855BD006E18C3 /* Assets.xcassets */,
				797653612622E8B600E91656 /* GoogleService-Info.plist */,
				79919FFF261855BD006E18C3 /* LaunchScreen.storyboard */,
				7991A002261855BD006E18C3 /* Info.plist */,
			);
			path = CafeNibm;
			sourceTree = "<group>";
		};
		7991A00A261855BE006E18C3 /* CafeNibmTests */ = {
			isa = PBXGroup;
			children = (
				7991A00B261855BE006E18C3 /* CafeNibmTests.swift */,
				7991A00D261855BE006E18C3 /* Info.plist */,
			);
			path = CafeNibmTests;
			sourceTree = "<group>";
		};
		7991A015261855BE006E18C3 /* CafeNibmUITests */ = {
			isa = PBXGroup;
			children = (
				7991A016261855BE006E18C3 /* CafeNibmUITests.swift */,
				7991A018261855BE006E18C3 /* Info.plist */,
			);
			path = CafeNibmUITests;
			sourceTree = "<group>";
		};
		A29FE30D32A54C5A59781539 /* Pods */ = {
			isa = PBXGroup;
			children = (
				756FEC1A6D8252A5D26FBBD4 /* Pods-CafeNibm.debug.xcconfig */,
				F86C5F865B87AFC706F2D75A /* Pods-CafeNibm.release.xcconfig */,
				03B8536176E27D4BE9E0075E /* Pods-CafeNibm-CafeNibmUITests.debug.xcconfig */,
				2374B710C1CD45F37492003A /* Pods-CafeNibm-CafeNibmUITests.release.xcconfig */,
				91D26893E4BCAC9C4598044C /* Pods-CafeNibmTests.debug.xcconfig */,
				578E04A9D6121A330EB38074 /* Pods-CafeNibmTests.release.xcconfig */,
			);
			path = Pods;
			sourceTree = "<group>";
		};
/* End PBXGroup section */

/* Begin PBXNativeTarget section */
		79919FF0261855BC006E18C3 /* CafeNibm */ = {
			isa = PBXNativeTarget;
			buildConfigurationList = 7991A01B261855BE006E18C3 /* Build configuration list for PBXNativeTarget "CafeNibm" */;
			buildPhases = (
				9F94CBF401CD9B65D5DA3CB1 /* [CP] Check Pods Manifest.lock */,
				79919FED261855BC006E18C3 /* Sources */,
				79919FEE261855BC006E18C3 /* Frameworks */,
				79919FEF261855BC006E18C3 /* Resources */,
				EE5528725455A0C3E0AA74AC /* [CP] Embed Pods Frameworks */,
			);
			buildRules = (
			);
			dependencies = (
			);
			name = CafeNibm;
			productName = CafeNibm;
			productReference = 79919FF1261855BC006E18C3 /* CafeNibm.app */;
			productType = "com.apple.product-type.application";
		};
		7991A006261855BE006E18C3 /* CafeNibmTests */ = {
			isa = PBXNativeTarget;
			buildConfigurationList = 7991A01E261855BE006E18C3 /* Build configuration list for PBXNativeTarget "CafeNibmTests" */;
			buildPhases = (
				7E7625309C238FEEEF2117EF /* [CP] Check Pods Manifest.lock */,
				7991A003261855BE006E18C3 /* Sources */,
				7991A004261855BE006E18C3 /* Frameworks */,
				7991A005261855BE006E18C3 /* Resources */,
			);
			buildRules = (
			);
			dependencies = (
				7991A009261855BE006E18C3 /* PBXTargetDependency */,
			);
			name = CafeNibmTests;
			productName = CafeNibmTests;
			productReference = 7991A007261855BE006E18C3 /* CafeNibmTests.xctest */;
			productType = "com.apple.product-type.bundle.unit-test";
		};
		7991A011261855BE006E18C3 /* CafeNibmUITests */ = {
			isa = PBXNativeTarget;
			buildConfigurationList = 7991A021261855BE006E18C3 /* Build configuration list for PBXNativeTarget "CafeNibmUITests" */;
			buildPhases = (
				20CBDAE16DF77031CDF790F3 /* [CP] Check Pods Manifest.lock */,
				7991A00E261855BE006E18C3 /* Sources */,
				7991A00F261855BE006E18C3 /* Frameworks */,
				7991A010261855BE006E18C3 /* Resources */,
				3C0E1F07CEE994C7496C547D /* [CP] Embed Pods Frameworks */,
			);
			buildRules = (
			);
			dependencies = (
				7991A014261855BE006E18C3 /* PBXTargetDependency */,
			);
			name = CafeNibmUITests;
			productName = CafeNibmUITests;
			productReference = 7991A012261855BE006E18C3 /* CafeNibmUITests.xctest */;
			productType = "com.apple.product-type.bundle.ui-testing";
		};
/* End PBXNativeTarget section */

/* Begin PBXProject section */
		79919FE9261855BC006E18C3 /* Project object */ = {
			isa = PBXProject;
			attributes = {
				LastSwiftUpdateCheck = 1240;
				LastUpgradeCheck = 1240;
				TargetAttributes = {
					79919FF0261855BC006E18C3 = {
						CreatedOnToolsVersion = 12.4;
					};
					7991A006261855BE006E18C3 = {
						CreatedOnToolsVersion = 12.4;
						TestTargetID = 79919FF0261855BC006E18C3;
					};
					7991A011261855BE006E18C3 = {
						CreatedOnToolsVersion = 12.4;
						TestTargetID = 79919FF0261855BC006E18C3;
					};
				};
			};
			buildConfigurationList = 79919FEC261855BC006E18C3 /* Build configuration list for PBXProject "CafeNibm" */;
			compatibilityVersion = "Xcode 9.3";
			developmentRegion = en;
			hasScannedForEncodings = 0;
			knownRegions = (
				en,
				Base,
			);
			mainGroup = 79919FE8261855BC006E18C3;
			productRefGroup = 79919FF2261855BC006E18C3 /* Products */;
			projectDirPath = "";
			projectRoot = "";
			targets = (
				79919FF0261855BC006E18C3 /* CafeNibm */,
				7991A006261855BE006E18C3 /* CafeNibmTests */,
				7991A011261855BE006E18C3 /* CafeNibmUITests */,
			);
		};
/* End PBXProject section */

/* Begin PBXResourcesBuildPhase section */
		79919FEF261855BC006E18C3 /* Resources */ = {
			isa = PBXResourcesBuildPhase;
			buildActionMask = 2147483647;
			files = (
				7991A001261855BD006E18C3 /* LaunchScreen.storyboard in Resources */,
				797653622622E8B600E91656 /* GoogleService-Info.plist in Resources */,
				7976A08126392A870001A2FC /* FoodTableViewCell.xib in Resources */,
				79919FFE261855BD006E18C3 /* Assets.xcassets in Resources */,
				79919FFC261855BC006E18C3 /* Main.storyboard in Resources */,
			);
			runOnlyForDeploymentPostprocessing = 0;
		};
		7991A005261855BE006E18C3 /* Resources */ = {
			isa = PBXResourcesBuildPhase;
			buildActionMask = 2147483647;
			files = (
			);
			runOnlyForDeploymentPostprocessing = 0;
		};
		7991A010261855BE006E18C3 /* Resources */ = {
			isa = PBXResourcesBuildPhase;
			buildActionMask = 2147483647;
			files = (
			);
			runOnlyForDeploymentPostprocessing = 0;
		};
/* End PBXResourcesBuildPhase section */

/* Begin PBXShellScriptBuildPhase section */
		20CBDAE16DF77031CDF790F3 /* [CP] Check Pods Manifest.lock */ = {
			isa = PBXShellScriptBuildPhase;
			buildActionMask = 2147483647;
			files = (
			);
			inputFileListPaths = (
			);
			inputPaths = (
				"${PODS_PODFILE_DIR_PATH}/Podfile.lock",
				"${PODS_ROOT}/Manifest.lock",
			);
			name = "[CP] Check Pods Manifest.lock";
			outputFileListPaths = (
			);
			outputPaths = (
				"$(DERIVED_FILE_DIR)/Pods-CafeNibm-CafeNibmUITests-checkManifestLockResult.txt",
			);
			runOnlyForDeploymentPostprocessing = 0;
			shellPath = /bin/sh;
			shellScript = "diff \"${PODS_PODFILE_DIR_PATH}/Podfile.lock\" \"${PODS_ROOT}/Manifest.lock\" > /dev/null\nif [ $? != 0 ] ; then\n    # print error to STDERR\n    echo \"error: The sandbox is not in sync with the Podfile.lock. Run 'pod install' or update your CocoaPods installation.\" >&2\n    exit 1\nfi\n# This output is used by Xcode 'outputs' to avoid re-running this script phase.\necho \"SUCCESS\" > \"${SCRIPT_OUTPUT_FILE_0}\"\n";
			showEnvVarsInLog = 0;
		};
		3C0E1F07CEE994C7496C547D /* [CP] Embed Pods Frameworks */ = {
			isa = PBXShellScriptBuildPhase;
			buildActionMask = 2147483647;
			files = (
			);
			inputFileListPaths = (
				"${PODS_ROOT}/Target Support Files/Pods-CafeNibm-CafeNibmUITests/Pods-CafeNibm-CafeNibmUITests-frameworks-${CONFIGURATION}-input-files.xcfilelist",
			);
			name = "[CP] Embed Pods Frameworks";
			outputFileListPaths = (
				"${PODS_ROOT}/Target Support Files/Pods-CafeNibm-CafeNibmUITests/Pods-CafeNibm-CafeNibmUITests-frameworks-${CONFIGURATION}-output-files.xcfilelist",
			);
			runOnlyForDeploymentPostprocessing = 0;
			shellPath = /bin/sh;
			shellScript = "\"${PODS_ROOT}/Target Support Files/Pods-CafeNibm-CafeNibmUITests/Pods-CafeNibm-CafeNibmUITests-frameworks.sh\"\n";
			showEnvVarsInLog = 0;
		};
		7E7625309C238FEEEF2117EF /* [CP] Check Pods Manifest.lock */ = {
			isa = PBXShellScriptBuildPhase;
			buildActionMask = 2147483647;
			files = (
			);
			inputFileListPaths = (
			);
			inputPaths = (
				"${PODS_PODFILE_DIR_PATH}/Podfile.lock",
				"${PODS_ROOT}/Manifest.lock",
			);
			name = "[CP] Check Pods Manifest.lock";
			outputFileListPaths = (
			);
			outputPaths = (
				"$(DERIVED_FILE_DIR)/Pods-CafeNibmTests-checkManifestLockResult.txt",
			);
			runOnlyForDeploymentPostprocessing = 0;
			shellPath = /bin/sh;
			shellScript = "diff \"${PODS_PODFILE_DIR_PATH}/Podfile.lock\" \"${PODS_ROOT}/Manifest.lock\" > /dev/null\nif [ $? != 0 ] ; then\n    # print error to STDERR\n    echo \"error: The sandbox is not in sync with the Podfile.lock. Run 'pod install' or update your CocoaPods installation.\" >&2\n    exit 1\nfi\n# This output is used by Xcode 'outputs' to avoid re-running this script phase.\necho \"SUCCESS\" > \"${SCRIPT_OUTPUT_FILE_0}\"\n";
			showEnvVarsInLog = 0;
		};
		9F94CBF401CD9B65D5DA3CB1 /* [CP] Check Pods Manifest.lock */ = {
			isa = PBXShellScriptBuildPhase;
			buildActionMask = 2147483647;
			files = (
			);
			inputFileListPaths = (
			);
			inputPaths = (
				"${PODS_PODFILE_DIR_PATH}/Podfile.lock",
				"${PODS_ROOT}/Manifest.lock",
			);
			name = "[CP] Check Pods Manifest.lock";
			outputFileListPaths = (
			);
			outputPaths = (
				"$(DERIVED_FILE_DIR)/Pods-CafeNibm-checkManifestLockResult.txt",
			);
			runOnlyForDeploymentPostprocessing = 0;
			shellPath = /bin/sh;
			shellScript = "diff \"${PODS_PODFILE_DIR_PATH}/Podfile.lock\" \"${PODS_ROOT}/Manifest.lock\" > /dev/null\nif [ $? != 0 ] ; then\n    # print error to STDERR\n    echo \"error: The sandbox is not in sync with the Podfile.lock. Run 'pod install' or update your CocoaPods installation.\" >&2\n    exit 1\nfi\n# This output is used by Xcode 'outputs' to avoid re-running this script phase.\necho \"SUCCESS\" > \"${SCRIPT_OUTPUT_FILE_0}\"\n";
			showEnvVarsInLog = 0;
		};
		EE5528725455A0C3E0AA74AC /* [CP] Embed Pods Frameworks */ = {
			isa = PBXShellScriptBuildPhase;
			buildActionMask = 2147483647;
			files = (
			);
			inputFileListPaths = (
				"${PODS_ROOT}/Target Support Files/Pods-CafeNibm/Pods-CafeNibm-frameworks-${CONFIGURATION}-input-files.xcfilelist",
			);
			name = "[CP] Embed Pods Frameworks";
			outputFileListPaths = (
				"${PODS_ROOT}/Target Support Files/Pods-CafeNibm/Pods-CafeNibm-frameworks-${CONFIGURATION}-output-files.xcfilelist",
			);
			runOnlyForDeploymentPostprocessing = 0;
			shellPath = /bin/sh;
			shellScript = "\"${PODS_ROOT}/Target Support Files/Pods-CafeNibm/Pods-CafeNibm-frameworks.sh\"\n";
			showEnvVarsInLog = 0;
		};
/* End PBXShellScriptBuildPhase section */

/* Begin PBXSourcesBuildPhase section */
		79919FED261855BC006E18C3 /* Sources */ = {
			isa = PBXSourcesBuildPhase;
			buildActionMask = 2147483647;
			files = (
				790FE7842621827F0022B4E2 /* SignInViewController.swift in Sources */,
				7921B5962621B825003DF4AC /* FoodListViewController.swift in Sources */,
				790788CB263BD2D500AECB6A /* CartViewController.swift in Sources */,
				790788A1263B5B2000AECB6A /* ProfileViewController.swift in Sources */,
				79919FF5261855BC006E18C3 /* AppDelegate.swift in Sources */,
				790788B0263BCDD800AECB6A /* CartHandler.swift in Sources */,
				7921B58E2621AFB4003DF4AC /* Session.swift in Sources */,
				7968A846263AEEE90026AE3B /* InputValidator.swift in Sources */,
				7921B5832621874C003DF4AC /* EntityModel.swift in Sources */,
				7976A08026392A870001A2FC /* FoodTableViewCell.swift in Sources */,
				790788A6263B615100AECB6A /* LaunchViewController.swift in Sources */,
				79919FF7261855BC006E18C3 /* SceneDelegate.swift in Sources */,
				790788AB263BC38400AECB6A /* FoodViewController.swift in Sources */,
				7921B5882621AD55003DF4AC /* SignUpViewController.swift in Sources */,
			);
			runOnlyForDeploymentPostprocessing = 0;
		};
		7991A003261855BE006E18C3 /* Sources */ = {
			isa = PBXSourcesBuildPhase;
			buildActionMask = 2147483647;
			files = (
				7991A00C261855BE006E18C3 /* CafeNibmTests.swift in Sources */,
			);
			runOnlyForDeploymentPostprocessing = 0;
		};
		7991A00E261855BE006E18C3 /* Sources */ = {
			isa = PBXSourcesBuildPhase;
			buildActionMask = 2147483647;
			files = (
				7991A017261855BE006E18C3 /* CafeNibmUITests.swift in Sources */,
			);
			runOnlyForDeploymentPostprocessing = 0;
		};
/* End PBXSourcesBuildPhase section */

/* Begin PBXTargetDependency section */
		7991A009261855BE006E18C3 /* PBXTargetDependency */ = {
			isa = PBXTargetDependency;
			target = 79919FF0261855BC006E18C3 /* CafeNibm */;
			targetProxy = 7991A008261855BE006E18C3 /* PBXContainerItemProxy */;
		};
		7991A014261855BE006E18C3 /* PBXTargetDependency */ = {
			isa = PBXTargetDependency;
			target = 79919FF0261855BC006E18C3 /* CafeNibm */;
			targetProxy = 7991A013261855BE006E18C3 /* PBXContainerItemProxy */;
		};
/* End PBXTargetDependency section */

/* Begin PBXVariantGroup section */
		79919FFA261855BC006E18C3 /* Main.storyboard */ = {
			isa = PBXVariantGroup;
			children = (
				79919FFB261855BC006E18C3 /* Base */,
			);
			name = Main.storyboard;
			sourceTree = "<group>";
		};
		79919FFF261855BD006E18C3 /* LaunchScreen.storyboard */ = {
			isa = PBXVariantGroup;
			children = (
				7991A000261855BD006E18C3 /* Base */,
			);
			name = LaunchScreen.storyboard;
			sourceTree = "<group>";
		};
/* End PBXVariantGroup section */

/* Begin XCBuildConfiguration section */
		7991A019261855BE006E18C3 /* Debug */ = {
			isa = XCBuildConfiguration;
			buildSettings = {
				ALWAYS_SEARCH_USER_PATHS = NO;
				CLANG_ANALYZER_NONNULL = YES;
				CLANG_ANALYZER_NUMBER_OBJECT_CONVERSION = YES_AGGRESSIVE;
				CLANG_CXX_LANGUAGE_STANDARD = "gnu++14";
				CLANG_CXX_LIBRARY = "libc++";
				CLANG_ENABLE_MODULES = YES;
				CLANG_ENABLE_OBJC_ARC = YES;
				CLANG_ENABLE_OBJC_WEAK = YES;
				CLANG_WARN_BLOCK_CAPTURE_AUTORELEASING = YES;
				CLANG_WARN_BOOL_CONVERSION = YES;
				CLANG_WARN_COMMA = YES;
				CLANG_WARN_CONSTANT_CONVERSION = YES;
				CLANG_WARN_DEPRECATED_OBJC_IMPLEMENTATIONS = YES;
				CLANG_WARN_DIRECT_OBJC_ISA_USAGE = YES_ERROR;
				CLANG_WARN_DOCUMENTATION_COMMENTS = YES;
				CLANG_WARN_EMPTY_BODY = YES;
				CLANG_WARN_ENUM_CONVERSION = YES;
				CLANG_WARN_INFINITE_RECURSION = YES;
				CLANG_WARN_INT_CONVERSION = YES;
				CLANG_WARN_NON_LITERAL_NULL_CONVERSION = YES;
				CLANG_WARN_OBJC_IMPLICIT_RETAIN_SELF = YES;
				CLANG_WARN_OBJC_LITERAL_CONVERSION = YES;
				CLANG_WARN_OBJC_ROOT_CLASS = YES_ERROR;
				CLANG_WARN_QUOTED_INCLUDE_IN_FRAMEWORK_HEADER = YES;
				CLANG_WARN_RANGE_LOOP_ANALYSIS = YES;
				CLANG_WARN_STRICT_PROTOTYPES = YES;
				CLANG_WARN_SUSPICIOUS_MOVE = YES;
				CLANG_WARN_UNGUARDED_AVAILABILITY = YES_AGGRESSIVE;
				CLANG_WARN_UNREACHABLE_CODE = YES;
				CLANG_WARN__DUPLICATE_METHOD_MATCH = YES;
				COPY_PHASE_STRIP = NO;
				DEBUG_INFORMATION_FORMAT = dwarf;
				ENABLE_STRICT_OBJC_MSGSEND = YES;
				ENABLE_TESTABILITY = YES;
				GCC_C_LANGUAGE_STANDARD = gnu11;
				GCC_DYNAMIC_NO_PIC = NO;
				GCC_NO_COMMON_BLOCKS = YES;
				GCC_OPTIMIZATION_LEVEL = 0;
				GCC_PREPROCESSOR_DEFINITIONS = (
					"DEBUG=1",
					"$(inherited)",
				);
				GCC_WARN_64_TO_32_BIT_CONVERSION = YES;
				GCC_WARN_ABOUT_RETURN_TYPE = YES_ERROR;
				GCC_WARN_UNDECLARED_SELECTOR = YES;
				GCC_WARN_UNINITIALIZED_AUTOS = YES_AGGRESSIVE;
				GCC_WARN_UNUSED_FUNCTION = YES;
				GCC_WARN_UNUSED_VARIABLE = YES;
				IPHONEOS_DEPLOYMENT_TARGET = 14.4;
				MTL_ENABLE_DEBUG_INFO = INCLUDE_SOURCE;
				MTL_FAST_MATH = YES;
				ONLY_ACTIVE_ARCH = YES;
				SDKROOT = iphoneos;
				SWIFT_ACTIVE_COMPILATION_CONDITIONS = DEBUG;
				SWIFT_OPTIMIZATION_LEVEL = "-Onone";
			};
			name = Debug;
		};
		7991A01A261855BE006E18C3 /* Release */ = {
			isa = XCBuildConfiguration;
			buildSettings = {
				ALWAYS_SEARCH_USER_PATHS = NO;
				CLANG_ANALYZER_NONNULL = YES;
				CLANG_ANALYZER_NUMBER_OBJECT_CONVERSION = YES_AGGRESSIVE;
				CLANG_CXX_LANGUAGE_STANDARD = "gnu++14";
				CLANG_CXX_LIBRARY = "libc++";
				CLANG_ENABLE_MODULES = YES;
				CLANG_ENABLE_OBJC_ARC = YES;
				CLANG_ENABLE_OBJC_WEAK = YES;
				CLANG_WARN_BLOCK_CAPTURE_AUTORELEASING = YES;
				CLANG_WARN_BOOL_CONVERSION = YES;
				CLANG_WARN_COMMA = YES;
				CLANG_WARN_CONSTANT_CONVERSION = YES;
				CLANG_WARN_DEPRECATED_OBJC_IMPLEMENTATIONS = YES;
				CLANG_WARN_DIRECT_OBJC_ISA_USAGE = YES_ERROR;
				CLANG_WARN_DOCUMENTATION_COMMENTS = YES;
				CLANG_WARN_EMPTY_BODY = YES;
				CLANG_WARN_ENUM_CONVERSION = YES;
				CLANG_WARN_INFINITE_RECURSION = YES;
				CLANG_WARN_INT_CONVERSION = YES;
				CLANG_WARN_NON_LITERAL_NULL_CONVERSION = YES;
				CLANG_WARN_OBJC_IMPLICIT_RETAIN_SELF = YES;
				CLANG_WARN_OBJC_LITERAL_CONVERSION = YES;
				CLANG_WARN_OBJC_ROOT_CLASS = YES_ERROR;
				CLANG_WARN_QUOTED_INCLUDE_IN_FRAMEWORK_HEADER = YES;
				CLANG_WARN_RANGE_LOOP_ANALYSIS = YES;
				CLANG_WARN_STRICT_PROTOTYPES = YES;
				CLANG_WARN_SUSPICIOUS_MOVE = YES;
				CLANG_WARN_UNGUARDED_AVAILABILITY = YES_AGGRESSIVE;
				CLANG_WARN_UNREACHABLE_CODE = YES;
				CLANG_WARN__DUPLICATE_METHOD_MATCH = YES;
				COPY_PHASE_STRIP = NO;
				DEBUG_INFORMATION_FORMAT = "dwarf-with-dsym";
				ENABLE_NS_ASSERTIONS = NO;
				ENABLE_STRICT_OBJC_MSGSEND = YES;
				GCC_C_LANGUAGE_STANDARD = gnu11;
				GCC_NO_COMMON_BLOCKS = YES;
				GCC_WARN_64_TO_32_BIT_CONVERSION = YES;
				GCC_WARN_ABOUT_RETURN_TYPE = YES_ERROR;
				GCC_WARN_UNDECLARED_SELECTOR = YES;
				GCC_WARN_UNINITIALIZED_AUTOS = YES_AGGRESSIVE;
				GCC_WARN_UNUSED_FUNCTION = YES;
				GCC_WARN_UNUSED_VARIABLE = YES;
				IPHONEOS_DEPLOYMENT_TARGET = 14.4;
				MTL_ENABLE_DEBUG_INFO = NO;
				MTL_FAST_MATH = YES;
				SDKROOT = iphoneos;
				SWIFT_COMPILATION_MODE = wholemodule;
				SWIFT_OPTIMIZATION_LEVEL = "-O";
				VALIDATE_PRODUCT = YES;
			};
			name = Release;
		};
		7991A01C261855BE006E18C3 /* Debug */ = {
			isa = XCBuildConfiguration;
			baseConfigurationReference = 756FEC1A6D8252A5D26FBBD4 /* Pods-CafeNibm.debug.xcconfig */;
			buildSettings = {
				ASSETCATALOG_COMPILER_APPICON_NAME = AppIcon;
				ASSETCATALOG_COMPILER_GLOBAL_ACCENT_COLOR_NAME = AccentColor;
				CODE_SIGN_STYLE = Automatic;
				INFOPLIST_FILE = CafeNibm/Info.plist;
				LD_RUNPATH_SEARCH_PATHS = (
					"$(inherited)",
					"@executable_path/Frameworks",
				);
				PRODUCT_BUNDLE_IDENTIFIER = nibm.CafeNibm;
				PRODUCT_NAME = "$(TARGET_NAME)";
				SWIFT_VERSION = 5.0;
				TARGETED_DEVICE_FAMILY = "1,2";
			};
			name = Debug;
		};
		7991A01D261855BE006E18C3 /* Release */ = {
			isa = XCBuildConfiguration;
			baseConfigurationReference = F86C5F865B87AFC706F2D75A /* Pods-CafeNibm.release.xcconfig */;
			buildSettings = {
				ASSETCATALOG_COMPILER_APPICON_NAME = AppIcon;
				ASSETCATALOG_COMPILER_GLOBAL_ACCENT_COLOR_NAME = AccentColor;
				CODE_SIGN_STYLE = Automatic;
				INFOPLIST_FILE = CafeNibm/Info.plist;
				LD_RUNPATH_SEARCH_PATHS = (
					"$(inherited)",
					"@executable_path/Frameworks",
				);
				PRODUCT_BUNDLE_IDENTIFIER = nibm.CafeNibm;
				PRODUCT_NAME = "$(TARGET_NAME)";
				SWIFT_VERSION = 5.0;
				TARGETED_DEVICE_FAMILY = "1,2";
			};
			name = Release;
		};
		7991A01F261855BE006E18C3 /* Debug */ = {
			isa = XCBuildConfiguration;
			baseConfigurationReference = 91D26893E4BCAC9C4598044C /* Pods-CafeNibmTests.debug.xcconfig */;
			buildSettings = {
				ALWAYS_EMBED_SWIFT_STANDARD_LIBRARIES = YES;
				BUNDLE_LOADER = "$(TEST_HOST)";
				CODE_SIGN_STYLE = Automatic;
				INFOPLIST_FILE = CafeNibmTests/Info.plist;
				IPHONEOS_DEPLOYMENT_TARGET = 14.4;
				LD_RUNPATH_SEARCH_PATHS = (
					"$(inherited)",
					"@executable_path/Frameworks",
					"@loader_path/Frameworks",
				);
				PRODUCT_BUNDLE_IDENTIFIER = nibm.CafeNibmTests;
				PRODUCT_NAME = "$(TARGET_NAME)";
				SWIFT_VERSION = 5.0;
				TARGETED_DEVICE_FAMILY = "1,2";
				TEST_HOST = "$(BUILT_PRODUCTS_DIR)/CafeNibm.app/CafeNibm";
			};
			name = Debug;
		};
		7991A020261855BE006E18C3 /* Release */ = {
			isa = XCBuildConfiguration;
			baseConfigurationReference = 578E04A9D6121A330EB38074 /* Pods-CafeNibmTests.release.xcconfig */;
			buildSettings = {
				ALWAYS_EMBED_SWIFT_STANDARD_LIBRARIES = YES;
				BUNDLE_LOADER = "$(TEST_HOST)";
				CODE_SIGN_STYLE = Automatic;
				INFOPLIST_FILE = CafeNibmTests/Info.plist;
				IPHONEOS_DEPLOYMENT_TARGET = 14.4;
				LD_RUNPATH_SEARCH_PATHS = (
					"$(inherited)",
					"@executable_path/Frameworks",
					"@loader_path/Frameworks",
				);
				PRODUCT_BUNDLE_IDENTIFIER = nibm.CafeNibmTests;
				PRODUCT_NAME = "$(TARGET_NAME)";
				SWIFT_VERSION = 5.0;
				TARGETED_DEVICE_FAMILY = "1,2";
				TEST_HOST = "$(BUILT_PRODUCTS_DIR)/CafeNibm.app/CafeNibm";
			};
			name = Release;
		};
		7991A022261855BE006E18C3 /* Debug */ = {
			isa = XCBuildConfiguration;
			baseConfigurationReference = 03B8536176E27D4BE9E0075E /* Pods-CafeNibm-CafeNibmUITests.debug.xcconfig */;
			buildSettings = {
				ALWAYS_EMBED_SWIFT_STANDARD_LIBRARIES = YES;
				CODE_SIGN_STYLE = Automatic;
				INFOPLIST_FILE = CafeNibmUITests/Info.plist;
				LD_RUNPATH_SEARCH_PATHS = (
					"$(inherited)",
					"@executable_path/Frameworks",
					"@loader_path/Frameworks",
				);
				PRODUCT_BUNDLE_IDENTIFIER = nibm.CafeNibmUITests;
				PRODUCT_NAME = "$(TARGET_NAME)";
				SWIFT_VERSION = 5.0;
				TARGETED_DEVICE_FAMILY = "1,2";
				TEST_TARGET_NAME = CafeNibm;
			};
			name = Debug;
		};
		7991A023261855BE006E18C3 /* Release */ = {
			isa = XCBuildConfiguration;
			baseConfigurationReference = 2374B710C1CD45F37492003A /* Pods-CafeNibm-CafeNibmUITests.release.xcconfig */;
			buildSettings = {
				ALWAYS_EMBED_SWIFT_STANDARD_LIBRARIES = YES;
				CODE_SIGN_STYLE = Automatic;
				INFOPLIST_FILE = CafeNibmUITests/Info.plist;
				LD_RUNPATH_SEARCH_PATHS = (
					"$(inherited)",
					"@executable_path/Frameworks",
					"@loader_path/Frameworks",
				);
				PRODUCT_BUNDLE_IDENTIFIER = nibm.CafeNibmUITests;
				PRODUCT_NAME = "$(TARGET_NAME)";
				SWIFT_VERSION = 5.0;
				TARGETED_DEVICE_FAMILY = "1,2";
				TEST_TARGET_NAME = CafeNibm;
			};
			name = Release;
		};
/* End XCBuildConfiguration section */

/* Begin XCConfigurationList section */
		79919FEC261855BC006E18C3 /* Build configuration list for PBXProject "CafeNibm" */ = {
			isa = XCConfigurationList;
			buildConfigurations = (
				7991A019261855BE006E18C3 /* Debug */,
				7991A01A261855BE006E18C3 /* Release */,
			);
			defaultConfigurationIsVisible = 0;
			defaultConfigurationName = Release;
		};
		7991A01B261855BE006E18C3 /* Build configuration list for PBXNativeTarget "CafeNibm" */ = {
			isa = XCConfigurationList;
			buildConfigurations = (
				7991A01C261855BE006E18C3 /* Debug */,
				7991A01D261855BE006E18C3 /* Release */,
			);
			defaultConfigurationIsVisible = 0;
			defaultConfigurationName = Release;
		};
		7991A01E261855BE006E18C3 /* Build configuration list for PBXNativeTarget "CafeNibmTests" */ = {
			isa = XCConfigurationList;
			buildConfigurations = (
				7991A01F261855BE006E18C3 /* Debug */,
				7991A020261855BE006E18C3 /* Release */,
			);
			defaultConfigurationIsVisible = 0;
			defaultConfigurationName = Release;
		};
		7991A021261855BE006E18C3 /* Build configuration list for PBXNativeTarget "CafeNibmUITests" */ = {
			isa = XCConfigurationList;
			buildConfigurations = (
				7991A022261855BE006E18C3 /* Debug */,
				7991A023261855BE006E18C3 /* Release */,
			);
			defaultConfigurationIsVisible = 0;
			defaultConfigurationName = Release;
		};
/* End XCConfigurationList section */
	};
	rootObject = 79919FE9261855BC006E18C3 /* Project object */;
}
